// !$*UTF8*$!
{
	archiveVersion = 1;
	classes = {
	};
	objectVersion = 46;
	objects = {

/* Begin PBXBuildFile section */
		0238759B1F5C709D004EB890 /* AppDelegate.swift in Sources */ = {isa = PBXBuildFile; fileRef = 0238759A1F5C709D004EB890 /* AppDelegate.swift */; };
		0238759D1F5C709D004EB890 /* GameScene.sks in Resources */ = {isa = PBXBuildFile; fileRef = 0238759C1F5C709D004EB890 /* GameScene.sks */; };
		0238759F1F5C709D004EB890 /* Actions.sks in Resources */ = {isa = PBXBuildFile; fileRef = 0238759E1F5C709D004EB890 /* Actions.sks */; };
		023875A11F5C709D004EB890 /* GameScene.swift in Sources */ = {isa = PBXBuildFile; fileRef = 023875A01F5C709D004EB890 /* GameScene.swift */; };
		023875A31F5C709D004EB890 /* GameViewController.swift in Sources */ = {isa = PBXBuildFile; fileRef = 023875A21F5C709D004EB890 /* GameViewController.swift */; };
		023875A61F5C709D004EB890 /* Main.storyboard in Resources */ = {isa = PBXBuildFile; fileRef = 023875A41F5C709D004EB890 /* Main.storyboard */; };
		023875A81F5C709D004EB890 /* Assets.xcassets in Resources */ = {isa = PBXBuildFile; fileRef = 023875A71F5C709D004EB890 /* Assets.xcassets */; };
		023875AB1F5C709D004EB890 /* LaunchScreen.storyboard in Resources */ = {isa = PBXBuildFile; fileRef = 023875A91F5C709D004EB890 /* LaunchScreen.storyboard */; };
/* End PBXBuildFile section */

/* Begin PBXFileReference section */
		023875971F5C709D004EB890 /* HwSProject11.app */ = {isa = PBXFileReference; explicitFileType = wrapper.application; includeInIndex = 0; path = HwSProject11.app; sourceTree = BUILT_PRODUCTS_DIR; };
		0238759A1F5C709D004EB890 /* AppDelegate.swift */ = {isa = PBXFileReference; lastKnownFileType = sourcecode.swift; path = AppDelegate.swift; sourceTree = "<group>"; };
		0238759C1F5C709D004EB890 /* GameScene.sks */ = {isa = PBXFileReference; lastKnownFileType = file.sks; path = GameScene.sks; sourceTree = "<group>"; };
		0238759E1F5C709D004EB890 /* Actions.sks */ = {isa = PBXFileReference; lastKnownFileType = file.sks; path = Actions.sks; sourceTree = "<group>"; };
		023875A01F5C709D004EB890 /* GameScene.swift */ = {isa = PBXFileReference; lastKnownFileType = sourcecode.swift; path = GameScene.swift; sourceTree = "<group>"; };
		023875A21F5C709D004EB890 /* GameViewController.swift */ = {isa = PBXFileReference; lastKnownFileType = sourcecode.swift; path = GameViewController.swift; sourceTree = "<group>"; };
		023875A51F5C709D004EB890 /* Base */ = {isa = PBXFileReference; lastKnownFileType = file.storyboard; name = Base; path = Base.lproj/Main.storyboard; sourceTree = "<group>"; };
		023875A71F5C709D004EB890 /* Assets.xcassets */ = {isa = PBXFileReference; lastKnownFileType = folder.assetcatalog; path = Assets.xcassets; sourceTree = "<group>"; };
		023875AA1F5C709D004EB890 /* Base */ = {isa = PBXFileReference; lastKnownFileType = file.storyboard; name = Base; path = Base.lproj/LaunchScreen.storyboard; sourceTree = "<group>"; };
		023875AC1F5C709D004EB890 /* Info.plist */ = {isa = PBXFileReference; lastKnownFileType = text.plist.xml; path = Info.plist; sourceTree = "<group>"; };
/* End PBXFileReference section */

/* Begin PBXFrameworksBuildPhase section */
		023875941F5C709D004EB890 /* Frameworks */ = {
			isa = PBXFrameworksBuildPhase;
			buildActionMask = 2147483647;
			files = (
			);
			runOnlyForDeploymentPostprocessing = 0;
		};
/* End PBXFrameworksBuildPhase section */

/* Begin PBXGroup section */
		0238758E1F5C709D004EB890 = {
			isa = PBXGroup;
			children = (
				023875991F5C709D004EB890 /* HwSProject11 */,
				023875981F5C709D004EB890 /* Products */,
			);
			sourceTree = "<group>";
		};
		023875981F5C709D004EB890 /* Products */ = {
			isa = PBXGroup;
			children = (
				023875971F5C709D004EB890 /* HwSProject11.app */,
			);
			name = Products;
			sourceTree = "<group>";
		};
		023875991F5C709D004EB890 /* HwSProject11 */ = {
			isa = PBXGroup;
			children = (
				0238759A1F5C709D004EB890 /* AppDelegate.swift */,
				0238759C1F5C709D004EB890 /* GameScene.sks */,
				0238759E1F5C709D004EB890 /* Actions.sks */,
				023875A01F5C709D004EB890 /* GameScene.swift */,
				023875A21F5C709D004EB890 /* GameViewController.swift */,
				023875A41F5C709D004EB890 /* Main.storyboard */,
				023875A71F5C709D004EB890 /* Assets.xcassets */,
				023875A91F5C709D004EB890 /* LaunchScreen.storyboard */,
				023875AC1F5C709D004EB890 /* Info.plist */,
			);
			path = HwSProject11;
			sourceTree = "<group>";
		};
/* End PBXGroup section */

/* Begin PBXNativeTarget section */
		023875961F5C709D004EB890 /* HwSProject11 */ = {
			isa = PBXNativeTarget;
			buildConfigurationList = 023875AF1F5C709D004EB890 /* Build configuration list for PBXNativeTarget "HwSProject11" */;
			buildPhases = (
				023875931F5C709D004EB890 /* Sources */,
				023875941F5C709D004EB890 /* Frameworks */,
				023875951F5C709D004EB890 /* Resources */,
			);
			buildRules = (
			);
			dependencies = (
			);
			name = HwSProject11;
			productName = HwSProject11;
			productReference = 023875971F5C709D004EB890 /* HwSProject11.app */;
			productType = "com.apple.product-type.application";
		};
/* End PBXNativeTarget section */

/* Begin PBXProject section */
		0238758F1F5C709D004EB890 /* Project object */ = {
			isa = PBXProject;
			attributes = {
				LastSwiftUpdateCheck = 0830;
				LastUpgradeCheck = 0830;
				ORGANIZATIONNAME = "Skyler Svendsen";
				TargetAttributes = {
					023875961F5C709D004EB890 = {
						CreatedOnToolsVersion = 8.3.3;
						ProvisioningStyle = Automatic;
					};
				};
			};
			buildConfigurationList = 023875921F5C709D004EB890 /* Build configuration list for PBXProject "HwSProject11" */;
			compatibilityVersion = "Xcode 3.2";
			developmentRegion = English;
			hasScannedForEncodings = 0;
			knownRegions = (
				en,
				Base,
			);
			mainGroup = 0238758E1F5C709D004EB890;
			productRefGroup = 023875981F5C709D004EB890 /* Products */;
			projectDirPath = "";
			projectRoot = "";
			targets = (
				023875961F5C709D004EB890 /* HwSProject11 */,
			);
		};
/* End PBXProject section */

/* Begin PBXResourcesBuildPhase section */
		023875951F5C709D004EB890 /* Resources */ = {
			isa = PBXResourcesBuildPhase;
			buildActionMask = 2147483647;
			files = (
				023875A61F5C709D004EB890 /* Main.storyboard in Resources */,
				0238759D1F5C709D004EB890 /* GameScene.sks in Resources */,
				023875A81F5C709D004EB890 /* Assets.xcassets in Resources */,
				023875AB1F5C709D004EB890 /* LaunchScreen.storyboard in Resources */,
				0238759F1F5C709D004EB890 /* Actions.sks in Resources */,
			);
			runOnlyForDeploymentPostprocessing = 0;
		};
/* End PBXResourcesBuildPhase section */

/* Begin PBXSourcesBuildPhase section */
		023875931F5C709D004EB890 /* Sources */ = {
			isa = PBXSourcesBuildPhase;
			buildActionMask = 2147483647;
			files = (
				023875A11F5C709D004EB890 /* GameScene.swift in Sources */,
				023875A31F5C709D004EB890 /* GameViewController.swift in Sources */,
				0238759B1F5C709D004EB890 /* AppDelegate.swift in Sources */,
			);
			runOnlyForDeploymentPostprocessing = 0;
		};
/* End PBXSourcesBuildPhase section */

/* Begin PBXVariantGroup section */
		023875A41F5C709D004EB890 /* Main.storyboard */ = {
			isa = PBXVariantGroup;
			children = (
				023875A51F5C709D004EB890 /* Base */,
			);
			name = Main.storyboard;
			sourceTree = "<group>";
		};
		023875A91F5C709D004EB890 /* LaunchScreen.storyboard */ = {
			isa = PBXVariantGroup;
			children = (
				023875AA1F5C709D004EB890 /* Base */,
			);
			name = LaunchScreen.storyboard;
			sourceTree = "<group>";
		};
/* End PBXVariantGroup section */

/* Begin XCBuildConfiguration section */
		023875AD1F5C709D004EB890 /* Debug */ = {
			isa = XCBuildConfiguration;
			buildSettings = {
				ALWAYS_SEARCH_USER_PATHS = NO;
				CLANG_ANALYZER_NONNULL = YES;
				CLANG_ANALYZER_NUMBER_OBJECT_CONVERSION = YES_AGGRESSIVE;
				CLANG_CXX_LANGUAGE_STANDARD = "gnu++0x";
				CLANG_CXX_LIBRARY = "libc++";
				CLANG_ENABLE_MODULES = YES;
				CLANG_ENABLE_OBJC_ARC = YES;
				CLANG_WARN_BOOL_CONVERSION = YES;
				CLANG_WARN_CONSTANT_CONVERSION = YES;
				CLANG_WARN_DIRECT_OBJC_ISA_USAGE = YES_ERROR;
				CLANG_WARN_DOCUMENTATION_COMMENTS = YES;
				CLANG_WARN_EMPTY_BODY = YES;
				CLANG_WARN_ENUM_CONVERSION = YES;
				CLANG_WARN_INFINITE_RECURSION = YES;
				CLANG_WARN_INT_CONVERSION = YES;
				CLANG_WARN_OBJC_ROOT_CLASS = YES_ERROR;
				CLANG_WARN_SUSPICIOUS_MOVE = YES;
				CLANG_WARN_UNREACHABLE_CODE = YES;
				CLANG_WARN__DUPLICATE_METHOD_MATCH = YES;
				"CODE_SIGN_IDENTITY[sdk=iphoneos*]" = "iPhone Developer";
				COPY_PHASE_STRIP = NO;
				DEBUG_INFORMATION_FORMAT = dwarf;
				ENABLE_STRICT_OBJC_MSGSEND = YES;
				ENABLE_TESTABILITY = YES;
				GCC_C_LANGUAGE_STANDARD = gnu99;
				GCC_DYNAMIC_NO_PIC = NO;
				GCC_NO_COMMON_BLOCKS = YES;
				GCC_OPTIMIZATION_LEVEL = 0;
				GCC_PREPROCESSOR_DEFINITIONS = (
					"DEBUG=1",
					"$(inherited)",
				);
				GCC_WARN_64_TO_32_BIT_CONVERSION = YES;
				GCC_WARN_ABOUT_RETURN_TYPE = YES_ERROR;
				GCC_WARN_UNDECLARED_SELECTOR = YES;
				GCC_WARN_UNINITIALIZED_AUTOS = YES_AGGRESSIVE;
				GCC_WARN_UNUSED_FUNCTION = YES;
				GCC_WARN_UNUSED_VARIABLE = YES;
				IPHONEOS_DEPLOYMENT_TARGET = 10.3;
				MTL_ENABLE_DEBUG_INFO = YES;
				ONLY_ACTIVE_ARCH = YES;
				SDKROOT = iphoneos;
				SWIFT_ACTIVE_COMPILATION_CONDITIONS = DEBUG;
				SWIFT_OPTIMIZATION_LEVEL = "-Onone";
				TARGETED_DEVICE_FAMILY = 2;
			};
			name = Debug;
		};
		023875AE1F5C709D004EB890 /* Release */ = {
			isa = XCBuildConfiguration;
			buildSettings = {
				ALWAYS_SEARCH_USER_PATHS = NO;
				CLANG_ANALYZER_NONNULL = YES;
				CLANG_ANALYZER_NUMBER_OBJECT_CONVERSION = YES_AGGRESSIVE;
				CLANG_CXX_LANGUAGE_STANDARD = "gnu++0x";
				CLANG_CXX_LIBRARY = "libc++";
				CLANG_ENABLE_MODULES = YES;
				CLANG_ENABLE_OBJC_ARC = YES;
				CLANG_WARN_BOOL_CONVERSION = YES;
				CLANG_WARN_CONSTANT_CONVERSION = YES;
				CLANG_WARN_DIRECT_OBJC_ISA_USAGE = YES_ERROR;
				CLANG_WARN_DOCUMENTATION_COMMENTS = YES;
				CLANG_WARN_EMPTY_BODY = YES;
				CLANG_WARN_ENUM_CONVERSION = YES;
				CLANG_WARN_INFINITE_RECURSION = YES;
				CLANG_WARN_INT_CONVERSION = YES;
				CLANG_WARN_OBJC_ROOT_CLASS = YES_ERROR;
				CLANG_WARN_SUSPICIOUS_MOVE = YES;
				CLANG_WARN_UNREACHABLE_CODE = YES;
				CLANG_WARN__DUPLICATE_METHOD_MATCH = YES;
				"CODE_SIGN_IDENTITY[sdk=iphoneos*]" = "iPhone Developer";
				COPY_PHASE_STRIP = NO;
				DEBUG_INFORMATION_FORMAT = "dwarf-with-dsym";
				ENABLE_NS_ASSERTIONS = NO;
				ENABLE_STRICT_OBJC_MSGSEND = YES;
				GCC_C_LANGUAGE_STANDARD = gnu99;
				GCC_NO_COMMON_BLOCKS = YES;
				GCC_WARN_64_TO_32_BIT_CONVERSION = YES;
				GCC_WARN_ABOUT_RETURN_TYPE = YES_ERROR;
				GCC_WARN_UNDECLARED_SELECTOR = YES;
				GCC_WARN_UNINITIALIZED_AUTOS = YES_AGGRESSIVE;
				GCC_WARN_UNUSED_FUNCTION = YES;
				GCC_WARN_UNUSED_VARIABLE = YES;
				IPHONEOS_DEPLOYMENT_TARGET = 10.3;
				MTL_ENABLE_DEBUG_INFO = NO;
				SDKROOT = iphoneos;
				SWIFT_OPTIMIZATION_LEVEL = "-Owholemodule";
				TARGETED_DEVICE_FAMILY = 2;
				VALIDATE_PRODUCT = YES;
			};
			name = Release;
		};
		023875B01F5C709D004EB890 /* Debug */ = {
			isa = XCBuildConfiguration;
			buildSettings = {
				ASSETCATALOG_COMPILER_APPICON_NAME = AppIcon;
				INFOPLIST_FILE = HwSProject11/Info.plist;
				LD_RUNPATH_SEARCH_PATHS = "$(inherited) @executable_path/Frameworks";
				PRODUCT_BUNDLE_IDENTIFIER = ssvendse.HwSProject11;
				PRODUCT_NAME = "$(TARGET_NAME)";
				SWIFT_VERSION = 3.0;
			};
			name = Debug;
		};
		023875B11F5C709D004EB890 /* Release */ = {
			isa = XCBuildConfiguration;
			buildSettings = {
				ASSETCATALOG_COMPILER_APPICON_NAME = AppIcon;
				INFOPLIST_FILE = HwSProject11/Info.plist;
				LD_RUNPATH_SEARCH_PATHS = "$(inherited) @executable_path/Frameworks";
				PRODUCT_BUNDLE_IDENTIFIER = ssvendse.HwSProject11;
				PRODUCT_NAME = "$(TARGET_NAME)";
				SWIFT_VERSION = 3.0;
			};
			name = Release;
		};
/* End XCBuildConfiguration section */

/* Begin XCConfigurationList section */
		023875921F5C709D004EB890 /* Build configuration list for PBXProject "HwSProject11" */ = {
			isa = XCConfigurationList;
			buildConfigurations = (
				023875AD1F5C709D004EB890 /* Debug */,
				023875AE1F5C709D004EB890 /* Release */,
			);
			defaultConfigurationIsVisible = 0;
			defaultConfigurationName = Release;
		};
		023875AF1F5C709D004EB890 /* Build configuration list for PBXNativeTarget "HwSProject11" */ = {
			isa = XCConfigurationList;
			buildConfigurations = (
				023875B01F5C709D004EB890 /* Debug */,
				023875B11F5C709D004EB890 /* Release */,
			);
			defaultConfigurationIsVisible = 0;
		};
/* End XCConfigurationList section */
	};
	rootObject = 0238758F1F5C709D004EB890 /* Project object */;
}
